<?xml version="1.0" encoding="utf-8"?>
<Project ToolsVersion="4.0" xmlns="http://schemas.microsoft.com/developer/msbuild/2003">
  <ItemGroup>
    <Filter Include="Source Files">
      <UniqueIdentifier>{eab00de8-b5d0-4812-bad2-883db3d474ae}</UniqueIdentifier>
      <Extensions>cpp;c;cxx;rc;def;r;odl;idl;hpj;bat</Extensions>
    </Filter>
    <Filter Include="Common Source">
      <UniqueIdentifier>{1c20a603-5159-4c75-be96-fcc95789c933}</UniqueIdentifier>
    </Filter>
    <Filter Include="Header Files">
      <UniqueIdentifier>{1608aa4f-8a24-4a78-9344-2fb85fc7129a}</UniqueIdentifier>
      <Extensions>h;hpp;hxx;hm;inl</Extensions>
    </Filter>
    <Filter Include="Resource Files">
      <UniqueIdentifier>{4ac325c6-fdce-4058-90de-169c1a72798a}</UniqueIdentifier>
      <Extensions>ico;cur;bmp;dlg;rc2;rct;bin;rgs;gif;jpg;jpeg;jpe</Extensions>
    </Filter>
  </ItemGroup>
  <ItemGroup>
    <ClCompile Include="eqlaunch.cpp">
      <Filter>Source Files</Filter>
    </ClCompile>
    <ClCompile Include="worldserver.cpp">
      <Filter>Source Files</Filter>
    </ClCompile>
    <ClCompile Include="ZoneLaunch.cpp">
      <Filter>Source Files</Filter>
    </ClCompile>
    <ClCompile Include="..\common\debug.cpp">
      <Filter>Common Source</Filter>
    </ClCompile>
    <ClCompile Include="..\common\EmuTCPConnection.cpp">
      <Filter>Common Source</Filter>
    </ClCompile>
    <ClCompile Include="..\common\EmuTCPServer.cpp">
      <Filter>Common Source</Filter>
    </ClCompile>
    <ClCompile Include="..\common\EQEmuConfig.cpp">
      <Filter>Common Source</Filter>
    </ClCompile>
    <ClCompile Include="..\common\logsys.cpp">
      <Filter>Common Source</Filter>
    </ClCompile>
    <ClCompile Include="..\common\logsys_eqemu.cpp">
      <Filter>Common Source</Filter>
    </ClCompile>
    <ClCompile Include="..\common\md5.cpp">
      <Filter>Common Source</Filter>
    </ClCompile>
    <ClCompile Include="..\common\misc.cpp">
      <Filter>Common Source</Filter>
    </ClCompile>
    <ClCompile Include="..\common\MiscFunctions.cpp">
      <Filter>Common Source</Filter>
    </ClCompile>
    <ClCompile Include="..\common\Mutex.cpp">
      <Filter>Common Source</Filter>
    </ClCompile>
    <ClCompile Include="..\common\packet_dump.cpp">
      <Filter>Common Source</Filter>
    </ClCompile>
    <ClCompile Include="..\common\packet_functions.cpp">
      <Filter>Common Source</Filter>
    </ClCompile>
    <ClCompile Include="..\common\ProcLauncher.cpp">
      <Filter>Common Source</Filter>
    </ClCompile>
    <ClCompile Include="..\common\TCPConnection.cpp">
      <Filter>Common Source</Filter>
    </ClCompile>
    <ClCompile Include="..\common\TCPServer.cpp">
      <Filter>Common Source</Filter>
    </ClCompile>
    <ClCompile Include="..\common\timer.cpp">
      <Filter>Common Source</Filter>
    </ClCompile>
    <ClCompile Include="..\common\tinyxml\tinystr.cpp">
      <Filter>Common Source</Filter>
    </ClCompile>
    <ClCompile Include="..\common\tinyxml\tinyxml.cpp">
      <Filter>Common Source</Filter>
    </ClCompile>
    <ClCompile Include="..\common\tinyxml\tinyxmlerror.cpp">
      <Filter>Common Source</Filter>
    </ClCompile>
    <ClCompile Include="..\common\tinyxml\tinyxmlparser.cpp">
      <Filter>Common Source</Filter>
    </ClCompile>
    <ClCompile Include="..\common\worldconn.cpp">
      <Filter>Common Source</Filter>
    </ClCompile>
    <ClCompile Include="..\common\XMLParser.cpp">
      <Filter>Common Source</Filter>
    </ClCompile>
  </ItemGroup>
</Project>