Microsoft Visual Studio Solution File, Format Version 9.00
# Visual C++ Express 2005
Project("{8BC9CEB8-8B4A-11D0-8D11-00A0C91BC942}") = "EMuShareMem", "EMuShareMem\EMuShareMem.vcproj", "{21168136-6906-4039-B486-6086E164E743}"
EndProject
Project("{8BC9CEB8-8B4A-11D0-8D11-00A0C91BC942}") = "World", "world\World.vcproj", "{0FD472B1-CCB8-4ED2-8F4E-A1FC34E668EC}"
EndProject
Project("{8BC9CEB8-8B4A-11D0-8D11-00A0C91BC942}") = "Zone", "zone\Zone.vcproj", "{197A661B-390A-46D6-94FC-E99F93280695}"
EndProject
Project("{8BC9CEB8-8B4A-11D0-8D11-00A0C91BC942}") = "eqlaunch", "eqlaunch\eqlaunch.vcproj", "{047477CA-0C22-4DCE-B07A-C73985725F24}"
EndProject
Global
	GlobalSection(SolutionConfigurationPlatforms) = preSolution
		Debug|Win32 = Debug|Win32
		DebugPerl|Win32 = DebugPerl|Win32
		Raid Addicts|Win32 = Raid Addicts|Win32
		Release|Win32 = Release|Win32
		ReleasePerl|Win32 = ReleasePerl|Win32
	EndGlobalSection
	GlobalSection(ProjectConfigurationPlatforms) = postSolution
		{21168136-6906-4039-B486-6086E164E743}.Debug|Win32.ActiveCfg = Debug|Win32
		{21168136-6906-4039-B486-6086E164E743}.Debug|Win32.Build.0 = Debug|Win32
		{21168136-6906-4039-B486-6086E164E743}.DebugPerl|Win32.ActiveCfg = Debug|Win32
		{21168136-6906-4039-B486-6086E164E743}.DebugPerl|Win32.Build.0 = Debug|Win32
		{21168136-6906-4039-B486-6086E164E743}.Raid Addicts|Win32.ActiveCfg = Release|Win32
		{21168136-6906-4039-B486-6086E164E743}.Raid Addicts|Win32.Build.0 = Release|Win32
		{21168136-6906-4039-B486-6086E164E743}.Release|Win32.ActiveCfg = Release|Win32
		{21168136-6906-4039-B486-6086E164E743}.Release|Win32.Build.0 = Release|Win32
		{21168136-6906-4039-B486-6086E164E743}.ReleasePerl|Win32.ActiveCfg = Release|Win32
		{21168136-6906-4039-B486-6086E164E743}.ReleasePerl|Win32.Build.0 = Release|Win32
		{0FD472B1-CCB8-4ED2-8F4E-A1FC34E668EC}.Debug|Win32.ActiveCfg = Debug|Win32
		{0FD472B1-CCB8-4ED2-8F4E-A1FC34E668EC}.Debug|Win32.Build.0 = Debug|Win32
		{0FD472B1-CCB8-4ED2-8F4E-A1FC34E668EC}.DebugPerl|Win32.ActiveCfg = Debug|Win32
		{0FD472B1-CCB8-4ED2-8F4E-A1FC34E668EC}.DebugPerl|Win32.Build.0 = Debug|Win32
		{0FD472B1-CCB8-4ED2-8F4E-A1FC34E668EC}.Raid Addicts|Win32.ActiveCfg = Raid Addicts|Win32
		{0FD472B1-CCB8-4ED2-8F4E-A1FC34E668EC}.Raid Addicts|Win32.Build.0 = Raid Addicts|Win32
		{0FD472B1-CCB8-4ED2-8F4E-A1FC34E668EC}.Release|Win32.ActiveCfg = Release|Win32
		{0FD472B1-CCB8-4ED2-8F4E-A1FC34E668EC}.Release|Win32.Build.0 = Release|Win32
		{0FD472B1-CCB8-4ED2-8F4E-A1FC34E668EC}.ReleasePerl|Win32.ActiveCfg = Release|Win32
		{0FD472B1-CCB8-4ED2-8F4E-A1FC34E668EC}.ReleasePerl|Win32.Build.0 = Release|Win32
		{197A661B-390A-46D6-94FC-E99F93280695}.Debug|Win32.ActiveCfg = Debug|Win32
		{197A661B-390A-46D6-94FC-E99F93280695}.Debug|Win32.Build.0 = Debug|Win32
		{197A661B-390A-46D6-94FC-E99F93280695}.DebugPerl|Win32.ActiveCfg = DebugPerl|Win32
		{197A661B-390A-46D6-94FC-E99F93280695}.DebugPerl|Win32.Build.0 = DebugPerl|Win32
		{197A661B-390A-46D6-94FC-E99F93280695}.Raid Addicts|Win32.ActiveCfg = Raid Addicts|Win32
		{197A661B-390A-46D6-94FC-E99F93280695}.Raid Addicts|Win32.Build.0 = Raid Addicts|Win32
		{197A661B-390A-46D6-94FC-E99F93280695}.Release|Win32.ActiveCfg = Release|Win32
		{197A661B-390A-46D6-94FC-E99F93280695}.Release|Win32.Build.0 = Release|Win32
		{197A661B-390A-46D6-94FC-E99F93280695}.ReleasePerl|Win32.ActiveCfg = ReleasePerl|Win32
		{197A661B-390A-46D6-94FC-E99F93280695}.ReleasePerl|Win32.Build.0 = ReleasePerl|Win32
		{047477CA-0C22-4DCE-B07A-C73985725F24}.Debug|Win32.ActiveCfg = Debug|Win32
		{047477CA-0C22-4DCE-B07A-C73985725F24}.Debug|Win32.Build.0 = Debug|Win32
		{047477CA-0C22-4DCE-B07A-C73985725F24}.DebugPerl|Win32.ActiveCfg = Debug|Win32
		{047477CA-0C22-4DCE-B07A-C73985725F24}.DebugPerl|Win32.Build.0 = Debug|Win32
		{047477CA-0C22-4DCE-B07A-C73985725F24}.Raid Addicts|Win32.ActiveCfg = Release|Win32
		{047477CA-0C22-4DCE-B07A-C73985725F24}.Raid Addicts|Win32.Build.0 = Release|Win32
		{047477CA-0C22-4DCE-B07A-C73985725F24}.Release|Win32.ActiveCfg = Release|Win32
		{047477CA-0C22-4DCE-B07A-C73985725F24}.Release|Win32.Build.0 = Release|Win32
		{047477CA-0C22-4DCE-B07A-C73985725F24}.ReleasePerl|Win32.ActiveCfg = Release|Win32
		{047477CA-0C22-4DCE-B07A-C73985725F24}.ReleasePerl|Win32.Build.0 = Release|Win32
	EndGlobalSection
	GlobalSection(SolutionProperties) = preSolution
		HideSolutionNode = FALSE
	EndGlobalSection
EndGlobal
