Microsoft Visual Studio Solution File, Format Version 11.00
# Visual Studio 2010
Project("{8BC9CEB8-8B4A-11D0-8D11-00A0C91BC942}") = "EMuShareMem", "EMuShareMem\EMuShareMem.vcxproj", "{21168136-6906-4039-B486-6086E164E743}"
EndProject
Project("{8BC9CEB8-8B4A-11D0-8D11-00A0C91BC942}") = "World", "world\World.vcxproj", "{0FD472B1-CCB8-4ED2-8F4E-A1FC34E668EC}"
EndProject
Project("{8BC9CEB8-8B4A-11D0-8D11-00A0C91BC942}") = "Zone", "zone\Zone.vcxproj", "{197A661B-390A-46D6-94FC-E99F93280695}"
EndProject
Project("{8BC9CEB8-8B4A-11D0-8D11-00A0C91BC942}") = "eqlaunch", "eqlaunch\eqlaunch.vcxproj", "{047477CA-0C22-4DCE-B07A-C73985725F24}"
EndProject
Project("{8BC9CEB8-8B4A-11D0-8D11-00A0C91BC942}") = "ucs", "ucs\ucs.vcxproj", "{A49B3EAF-553A-42F6-B343-A1EDEE6EBE4D}"
EndProject
Global
	GlobalSection(SolutionConfigurationPlatforms) = preSolution
		Debug x64|Win32 = Debug x64|Win32
		Debug x64|x64 = Debug x64|x64
		Debug|Win32 = Debug|Win32
		Debug|x64 = Debug|x64
		DebugBots x64|Win32 = DebugBots x64|Win32
		DebugBots x64|x64 = DebugBots x64|x64
		DebugBots|Win32 = DebugBots|Win32
		DebugBots|x64 = DebugBots|x64
		Release x64|Win32 = Release x64|Win32
		Release x64|x64 = Release x64|x64
		Release|Win32 = Release|Win32
		Release|x64 = Release|x64
		ReleaseBots x64|Win32 = ReleaseBots x64|Win32
		ReleaseBots x64|x64 = ReleaseBots x64|x64
		ReleaseBots|Win32 = ReleaseBots|Win32
		ReleaseBots|x64 = ReleaseBots|x64
	EndGlobalSection
	GlobalSection(ProjectConfigurationPlatforms) = postSolution
		{21168136-6906-4039-B486-6086E164E743}.Debug x64|Win32.ActiveCfg = Debug x64|x64
		{21168136-6906-4039-B486-6086E164E743}.Debug x64|Win32.Build.0 = Debug x64|x64
		{21168136-6906-4039-B486-6086E164E743}.Debug x64|x64.ActiveCfg = Debug x64|x64
		{21168136-6906-4039-B486-6086E164E743}.Debug x64|x64.Build.0 = Debug x64|x64
		{21168136-6906-4039-B486-6086E164E743}.Debug|Win32.ActiveCfg = Debug|Win32
		{21168136-6906-4039-B486-6086E164E743}.Debug|Win32.Build.0 = Debug|Win32
		{21168136-6906-4039-B486-6086E164E743}.Debug|x64.ActiveCfg = Debug|x64
		{21168136-6906-4039-B486-6086E164E743}.Debug|x64.Build.0 = Debug|x64
		{21168136-6906-4039-B486-6086E164E743}.DebugBots x64|Win32.ActiveCfg = Debug x64|x64
		{21168136-6906-4039-B486-6086E164E743}.DebugBots x64|Win32.Build.0 = Debug x64|x64
		{21168136-6906-4039-B486-6086E164E743}.DebugBots x64|x64.ActiveCfg = Debug x64|x64
		{21168136-6906-4039-B486-6086E164E743}.DebugBots x64|x64.Build.0 = Debug x64|x64
		{21168136-6906-4039-B486-6086E164E743}.DebugBots|Win32.ActiveCfg = Debug|Win32
		{21168136-6906-4039-B486-6086E164E743}.DebugBots|Win32.Build.0 = Debug|Win32
		{21168136-6906-4039-B486-6086E164E743}.DebugBots|x64.ActiveCfg = Debug x64|x64
		{21168136-6906-4039-B486-6086E164E743}.DebugBots|x64.Build.0 = Debug x64|x64
		{21168136-6906-4039-B486-6086E164E743}.Release x64|Win32.ActiveCfg = Release x64|x64
		{21168136-6906-4039-B486-6086E164E743}.Release x64|Win32.Build.0 = Release x64|x64
		{21168136-6906-4039-B486-6086E164E743}.Release x64|x64.ActiveCfg = Release x64|x64
		{21168136-6906-4039-B486-6086E164E743}.Release x64|x64.Build.0 = Release x64|x64
		{21168136-6906-4039-B486-6086E164E743}.Release|Win32.ActiveCfg = Release|Win32
		{21168136-6906-4039-B486-6086E164E743}.Release|Win32.Build.0 = Release|Win32
		{21168136-6906-4039-B486-6086E164E743}.Release|x64.ActiveCfg = Release|x64
		{21168136-6906-4039-B486-6086E164E743}.Release|x64.Build.0 = Release|x64
		{21168136-6906-4039-B486-6086E164E743}.ReleaseBots x64|Win32.ActiveCfg = Release x64|x64
		{21168136-6906-4039-B486-6086E164E743}.ReleaseBots x64|Win32.Build.0 = Release x64|x64
		{21168136-6906-4039-B486-6086E164E743}.ReleaseBots x64|x64.ActiveCfg = Release x64|x64
		{21168136-6906-4039-B486-6086E164E743}.ReleaseBots x64|x64.Build.0 = Release x64|x64
		{21168136-6906-4039-B486-6086E164E743}.ReleaseBots|Win32.ActiveCfg = Release|Win32
		{21168136-6906-4039-B486-6086E164E743}.ReleaseBots|Win32.Build.0 = Release|Win32
		{21168136-6906-4039-B486-6086E164E743}.ReleaseBots|x64.ActiveCfg = Release x64|x64
		{21168136-6906-4039-B486-6086E164E743}.ReleaseBots|x64.Build.0 = Release x64|x64
		{0FD472B1-CCB8-4ED2-8F4E-A1FC34E668EC}.Debug x64|Win32.ActiveCfg = Debug x64|x64
		{0FD472B1-CCB8-4ED2-8F4E-A1FC34E668EC}.Debug x64|Win32.Build.0 = Debug x64|x64
		{0FD472B1-CCB8-4ED2-8F4E-A1FC34E668EC}.Debug x64|x64.ActiveCfg = Debug x64|x64
		{0FD472B1-CCB8-4ED2-8F4E-A1FC34E668EC}.Debug x64|x64.Build.0 = Debug x64|x64
		{0FD472B1-CCB8-4ED2-8F4E-A1FC34E668EC}.Debug|Win32.ActiveCfg = Debug|Win32
		{0FD472B1-CCB8-4ED2-8F4E-A1FC34E668EC}.Debug|Win32.Build.0 = Debug|Win32
		{0FD472B1-CCB8-4ED2-8F4E-A1FC34E668EC}.Debug|x64.ActiveCfg = Debug|x64
		{0FD472B1-CCB8-4ED2-8F4E-A1FC34E668EC}.Debug|x64.Build.0 = Debug|x64
		{0FD472B1-CCB8-4ED2-8F4E-A1FC34E668EC}.DebugBots x64|Win32.ActiveCfg = DebugBots x64|x64
		{0FD472B1-CCB8-4ED2-8F4E-A1FC34E668EC}.DebugBots x64|Win32.Build.0 = DebugBots x64|x64
		{0FD472B1-CCB8-4ED2-8F4E-A1FC34E668EC}.DebugBots x64|x64.ActiveCfg = DebugBots x64|x64
		{0FD472B1-CCB8-4ED2-8F4E-A1FC34E668EC}.DebugBots x64|x64.Build.0 = DebugBots x64|x64
		{0FD472B1-CCB8-4ED2-8F4E-A1FC34E668EC}.DebugBots|Win32.ActiveCfg = DebugBots|Win32
		{0FD472B1-CCB8-4ED2-8F4E-A1FC34E668EC}.DebugBots|Win32.Build.0 = DebugBots|Win32
		{0FD472B1-CCB8-4ED2-8F4E-A1FC34E668EC}.DebugBots|x64.ActiveCfg = DebugBots|x64
		{0FD472B1-CCB8-4ED2-8F4E-A1FC34E668EC}.DebugBots|x64.Build.0 = DebugBots|x64
		{0FD472B1-CCB8-4ED2-8F4E-A1FC34E668EC}.Release x64|Win32.ActiveCfg = Release x64|x64
		{0FD472B1-CCB8-4ED2-8F4E-A1FC34E668EC}.Release x64|Win32.Build.0 = Release x64|x64
		{0FD472B1-CCB8-4ED2-8F4E-A1FC34E668EC}.Release x64|x64.ActiveCfg = Release x64|x64
		{0FD472B1-CCB8-4ED2-8F4E-A1FC34E668EC}.Release x64|x64.Build.0 = Release x64|x64
		{0FD472B1-CCB8-4ED2-8F4E-A1FC34E668EC}.Release|Win32.ActiveCfg = Release|Win32
		{0FD472B1-CCB8-4ED2-8F4E-A1FC34E668EC}.Release|Win32.Build.0 = Release|Win32
		{0FD472B1-CCB8-4ED2-8F4E-A1FC34E668EC}.Release|x64.ActiveCfg = Release|x64
		{0FD472B1-CCB8-4ED2-8F4E-A1FC34E668EC}.Release|x64.Build.0 = Release|x64
		{0FD472B1-CCB8-4ED2-8F4E-A1FC34E668EC}.ReleaseBots x64|Win32.ActiveCfg = ReleaseBots x64|x64
		{0FD472B1-CCB8-4ED2-8F4E-A1FC34E668EC}.ReleaseBots x64|Win32.Build.0 = ReleaseBots x64|x64
		{0FD472B1-CCB8-4ED2-8F4E-A1FC34E668EC}.ReleaseBots x64|x64.ActiveCfg = ReleaseBots x64|x64
		{0FD472B1-CCB8-4ED2-8F4E-A1FC34E668EC}.ReleaseBots x64|x64.Build.0 = ReleaseBots x64|x64
		{0FD472B1-CCB8-4ED2-8F4E-A1FC34E668EC}.ReleaseBots|Win32.ActiveCfg = ReleaseBots|Win32
		{0FD472B1-CCB8-4ED2-8F4E-A1FC34E668EC}.ReleaseBots|Win32.Build.0 = ReleaseBots|Win32
		{0FD472B1-CCB8-4ED2-8F4E-A1FC34E668EC}.ReleaseBots|x64.ActiveCfg = ReleaseBots|x64
		{0FD472B1-CCB8-4ED2-8F4E-A1FC34E668EC}.ReleaseBots|x64.Build.0 = ReleaseBots|x64
		{197A661B-390A-46D6-94FC-E99F93280695}.Debug x64|Win32.ActiveCfg = Debug x64|x64
		{197A661B-390A-46D6-94FC-E99F93280695}.Debug x64|Win32.Build.0 = Debug x64|x64
		{197A661B-390A-46D6-94FC-E99F93280695}.Debug x64|x64.ActiveCfg = Debug x64|x64
		{197A661B-390A-46D6-94FC-E99F93280695}.Debug x64|x64.Build.0 = Debug x64|x64
		{197A661B-390A-46D6-94FC-E99F93280695}.Debug|Win32.ActiveCfg = Debug|Win32
		{197A661B-390A-46D6-94FC-E99F93280695}.Debug|Win32.Build.0 = Debug|Win32
		{197A661B-390A-46D6-94FC-E99F93280695}.Debug|x64.ActiveCfg = Debug|x64
		{197A661B-390A-46D6-94FC-E99F93280695}.Debug|x64.Build.0 = Debug|x64
		{197A661B-390A-46D6-94FC-E99F93280695}.DebugBots x64|Win32.ActiveCfg = DebugBots x64|x64
		{197A661B-390A-46D6-94FC-E99F93280695}.DebugBots x64|Win32.Build.0 = DebugBots x64|x64
		{197A661B-390A-46D6-94FC-E99F93280695}.DebugBots x64|x64.ActiveCfg = DebugBots x64|x64
		{197A661B-390A-46D6-94FC-E99F93280695}.DebugBots x64|x64.Build.0 = DebugBots x64|x64
		{197A661B-390A-46D6-94FC-E99F93280695}.DebugBots|Win32.ActiveCfg = DebugBots|Win32
		{197A661B-390A-46D6-94FC-E99F93280695}.DebugBots|Win32.Build.0 = DebugBots|Win32
		{197A661B-390A-46D6-94FC-E99F93280695}.DebugBots|x64.ActiveCfg = DebugBots|x64
		{197A661B-390A-46D6-94FC-E99F93280695}.DebugBots|x64.Build.0 = DebugBots|x64
		{197A661B-390A-46D6-94FC-E99F93280695}.Release x64|Win32.ActiveCfg = Release x64|x64
		{197A661B-390A-46D6-94FC-E99F93280695}.Release x64|Win32.Build.0 = Release x64|x64
		{197A661B-390A-46D6-94FC-E99F93280695}.Release x64|x64.ActiveCfg = Release x64|x64
		{197A661B-390A-46D6-94FC-E99F93280695}.Release x64|x64.Build.0 = Release x64|x64
		{197A661B-390A-46D6-94FC-E99F93280695}.Release|Win32.ActiveCfg = Release|Win32
		{197A661B-390A-46D6-94FC-E99F93280695}.Release|Win32.Build.0 = Release|Win32
		{197A661B-390A-46D6-94FC-E99F93280695}.Release|x64.ActiveCfg = Release|x64
		{197A661B-390A-46D6-94FC-E99F93280695}.Release|x64.Build.0 = Release|x64
		{197A661B-390A-46D6-94FC-E99F93280695}.ReleaseBots x64|Win32.ActiveCfg = ReleaseBots x64|x64
		{197A661B-390A-46D6-94FC-E99F93280695}.ReleaseBots x64|Win32.Build.0 = ReleaseBots x64|x64
		{197A661B-390A-46D6-94FC-E99F93280695}.ReleaseBots x64|x64.ActiveCfg = ReleaseBots x64|x64
		{197A661B-390A-46D6-94FC-E99F93280695}.ReleaseBots x64|x64.Build.0 = ReleaseBots x64|x64
		{197A661B-390A-46D6-94FC-E99F93280695}.ReleaseBots|Win32.ActiveCfg = ReleaseBots|Win32
		{197A661B-390A-46D6-94FC-E99F93280695}.ReleaseBots|Win32.Build.0 = ReleaseBots|Win32
		{197A661B-390A-46D6-94FC-E99F93280695}.ReleaseBots|x64.ActiveCfg = ReleaseBots|x64
		{197A661B-390A-46D6-94FC-E99F93280695}.ReleaseBots|x64.Build.0 = ReleaseBots|x64
		{047477CA-0C22-4DCE-B07A-C73985725F24}.Debug x64|Win32.ActiveCfg = Debug x64|Win32
		{047477CA-0C22-4DCE-B07A-C73985725F24}.Debug x64|Win32.Build.0 = Debug x64|Win32
		{047477CA-0C22-4DCE-B07A-C73985725F24}.Debug x64|x64.ActiveCfg = Debug x64|x64
		{047477CA-0C22-4DCE-B07A-C73985725F24}.Debug x64|x64.Build.0 = Debug x64|x64
		{047477CA-0C22-4DCE-B07A-C73985725F24}.Debug|Win32.ActiveCfg = Debug|Win32
		{047477CA-0C22-4DCE-B07A-C73985725F24}.Debug|Win32.Build.0 = Debug|Win32
		{047477CA-0C22-4DCE-B07A-C73985725F24}.Debug|x64.ActiveCfg = Debug|x64
		{047477CA-0C22-4DCE-B07A-C73985725F24}.Debug|x64.Build.0 = Debug|x64
		{047477CA-0C22-4DCE-B07A-C73985725F24}.DebugBots x64|Win32.ActiveCfg = Debug x64|x64
		{047477CA-0C22-4DCE-B07A-C73985725F24}.DebugBots x64|x64.ActiveCfg = Debug x64|x64
		{047477CA-0C22-4DCE-B07A-C73985725F24}.DebugBots x64|x64.Build.0 = Debug x64|x64
		{047477CA-0C22-4DCE-B07A-C73985725F24}.DebugBots|Win32.ActiveCfg = Debug|Win32
		{047477CA-0C22-4DCE-B07A-C73985725F24}.DebugBots|Win32.Build.0 = Debug|Win32
		{047477CA-0C22-4DCE-B07A-C73985725F24}.DebugBots|x64.ActiveCfg = Debug x64|x64
		{047477CA-0C22-4DCE-B07A-C73985725F24}.DebugBots|x64.Build.0 = Debug x64|x64
		{047477CA-0C22-4DCE-B07A-C73985725F24}.Release x64|Win32.ActiveCfg = Release x64|x64
		{047477CA-0C22-4DCE-B07A-C73985725F24}.Release x64|Win32.Build.0 = Release x64|x64
		{047477CA-0C22-4DCE-B07A-C73985725F24}.Release x64|x64.ActiveCfg = Release x64|x64
		{047477CA-0C22-4DCE-B07A-C73985725F24}.Release x64|x64.Build.0 = Release x64|x64
		{047477CA-0C22-4DCE-B07A-C73985725F24}.Release|Win32.ActiveCfg = Release|Win32
		{047477CA-0C22-4DCE-B07A-C73985725F24}.Release|Win32.Build.0 = Release|Win32
		{047477CA-0C22-4DCE-B07A-C73985725F24}.Release|x64.ActiveCfg = Release|x64
		{047477CA-0C22-4DCE-B07A-C73985725F24}.Release|x64.Build.0 = Release|x64
		{047477CA-0C22-4DCE-B07A-C73985725F24}.ReleaseBots x64|Win32.ActiveCfg = Release x64|x64
		{047477CA-0C22-4DCE-B07A-C73985725F24}.ReleaseBots x64|Win32.Build.0 = Release x64|x64
		{047477CA-0C22-4DCE-B07A-C73985725F24}.ReleaseBots x64|x64.ActiveCfg = Release x64|x64
		{047477CA-0C22-4DCE-B07A-C73985725F24}.ReleaseBots x64|x64.Build.0 = Release x64|x64
		{047477CA-0C22-4DCE-B07A-C73985725F24}.ReleaseBots|Win32.ActiveCfg = Release|Win32
		{047477CA-0C22-4DCE-B07A-C73985725F24}.ReleaseBots|Win32.Build.0 = Release|Win32
		{047477CA-0C22-4DCE-B07A-C73985725F24}.ReleaseBots|x64.ActiveCfg = Release x64|x64
		{047477CA-0C22-4DCE-B07A-C73985725F24}.ReleaseBots|x64.Build.0 = Release x64|x64
		{A49B3EAF-553A-42F6-B343-A1EDEE6EBE4D}.Debug x64|Win32.ActiveCfg = Debug x64|x64
		{A49B3EAF-553A-42F6-B343-A1EDEE6EBE4D}.Debug x64|Win32.Build.0 = Debug x64|x64
		{A49B3EAF-553A-42F6-B343-A1EDEE6EBE4D}.Debug x64|x64.ActiveCfg = Debug x64|x64
		{A49B3EAF-553A-42F6-B343-A1EDEE6EBE4D}.Debug x64|x64.Build.0 = Debug x64|x64
		{A49B3EAF-553A-42F6-B343-A1EDEE6EBE4D}.Debug|Win32.ActiveCfg = Debug|Win32
		{A49B3EAF-553A-42F6-B343-A1EDEE6EBE4D}.Debug|Win32.Build.0 = Debug|Win32
		{A49B3EAF-553A-42F6-B343-A1EDEE6EBE4D}.Debug|x64.ActiveCfg = Debug|x64
		{A49B3EAF-553A-42F6-B343-A1EDEE6EBE4D}.Debug|x64.Build.0 = Debug|x64
		{A49B3EAF-553A-42F6-B343-A1EDEE6EBE4D}.DebugBots x64|Win32.ActiveCfg = Debug x64|x64
		{A49B3EAF-553A-42F6-B343-A1EDEE6EBE4D}.DebugBots x64|Win32.Build.0 = Debug x64|x64
		{A49B3EAF-553A-42F6-B343-A1EDEE6EBE4D}.DebugBots x64|x64.ActiveCfg = Debug x64|x64
		{A49B3EAF-553A-42F6-B343-A1EDEE6EBE4D}.DebugBots x64|x64.Build.0 = Debug x64|x64
		{A49B3EAF-553A-42F6-B343-A1EDEE6EBE4D}.DebugBots|Win32.ActiveCfg = Debug|Win32
		{A49B3EAF-553A-42F6-B343-A1EDEE6EBE4D}.DebugBots|Win32.Build.0 = Debug|Win32
		{A49B3EAF-553A-42F6-B343-A1EDEE6EBE4D}.DebugBots|x64.ActiveCfg = Debug x64|x64
		{A49B3EAF-553A-42F6-B343-A1EDEE6EBE4D}.DebugBots|x64.Build.0 = Debug x64|x64
		{A49B3EAF-553A-42F6-B343-A1EDEE6EBE4D}.Release x64|Win32.ActiveCfg = Release x64|x64
		{A49B3EAF-553A-42F6-B343-A1EDEE6EBE4D}.Release x64|Win32.Build.0 = Release x64|x64
		{A49B3EAF-553A-42F6-B343-A1EDEE6EBE4D}.Release x64|x64.ActiveCfg = Release x64|x64
		{A49B3EAF-553A-42F6-B343-A1EDEE6EBE4D}.Release x64|x64.Build.0 = Release x64|x64
		{A49B3EAF-553A-42F6-B343-A1EDEE6EBE4D}.Release|Win32.ActiveCfg = Release|Win32
		{A49B3EAF-553A-42F6-B343-A1EDEE6EBE4D}.Release|Win32.Build.0 = Release|Win32
		{A49B3EAF-553A-42F6-B343-A1EDEE6EBE4D}.Release|x64.ActiveCfg = Release|x64
		{A49B3EAF-553A-42F6-B343-A1EDEE6EBE4D}.Release|x64.Build.0 = Release|x64
		{A49B3EAF-553A-42F6-B343-A1EDEE6EBE4D}.ReleaseBots x64|Win32.ActiveCfg = Release x64|x64
		{A49B3EAF-553A-42F6-B343-A1EDEE6EBE4D}.ReleaseBots x64|Win32.Build.0 = Release x64|x64
		{A49B3EAF-553A-42F6-B343-A1EDEE6EBE4D}.ReleaseBots x64|x64.ActiveCfg = Release x64|x64
		{A49B3EAF-553A-42F6-B343-A1EDEE6EBE4D}.ReleaseBots x64|x64.Build.0 = Release x64|x64
		{A49B3EAF-553A-42F6-B343-A1EDEE6EBE4D}.ReleaseBots|Win32.ActiveCfg = Release|Win32
		{A49B3EAF-553A-42F6-B343-A1EDEE6EBE4D}.ReleaseBots|Win32.Build.0 = Release|Win32
		{A49B3EAF-553A-42F6-B343-A1EDEE6EBE4D}.ReleaseBots|x64.ActiveCfg = Release x64|x64
		{A49B3EAF-553A-42F6-B343-A1EDEE6EBE4D}.ReleaseBots|x64.Build.0 = Release x64|x64
	EndGlobalSection
	GlobalSection(SolutionProperties) = preSolution
		HideSolutionNode = FALSE
	EndGlobalSection
EndGlobal
