<?xml version="1.0" encoding="utf-8"?>
<Project ToolsVersion="4.0" xmlns="http://schemas.microsoft.com/developer/msbuild/2003">
  <ItemGroup>
    <Filter Include="Source Files">
      <UniqueIdentifier>{b4ceb750-f88b-4fee-9b00-2ab5d4397681}</UniqueIdentifier>
      <Extensions>cpp;c;cxx;rc;def;r;odl;idl;hpj;bat</Extensions>
    </Filter>
    <Filter Include="Header Files">
      <UniqueIdentifier>{dde24fdb-d2c7-4505-bfed-3d2e14db115c}</UniqueIdentifier>
      <Extensions>h;hpp;hxx;hm;inl</Extensions>
    </Filter>
    <Filter Include="Common Header Files">
      <UniqueIdentifier>{835cc1bf-d2c2-4d1c-9d4f-79fb60382025}</UniqueIdentifier>
    </Filter>
    <Filter Include="Patches">
      <UniqueIdentifier>{eeba5ff6-0859-4363-9cab-1e839f949b2b}</UniqueIdentifier>
    </Filter>
    <Filter Include="Common Source Files">
      <UniqueIdentifier>{a1ddb2a6-ff9d-4ab1-a0ef-3134ef8d50c7}</UniqueIdentifier>
    </Filter>
    <Filter Include="Text Files">
      <UniqueIdentifier>{0e7683ec-af54-4980-802e-36b95d8f784e}</UniqueIdentifier>
    </Filter>
  </ItemGroup>
  <ItemGroup>
    <ClCompile Include="AA.cpp">
      <Filter>Source Files</Filter>
    </ClCompile>
    <ClCompile Include="aggro.cpp">
      <Filter>Source Files</Filter>
    </ClCompile>
    <ClCompile Include="attack.cpp">
      <Filter>Source Files</Filter>
    </ClCompile>
    <ClCompile Include="beacon.cpp">
      <Filter>Source Files</Filter>
    </ClCompile>
    <ClCompile Include="bonuses.cpp">
      <Filter>Source Files</Filter>
    </ClCompile>
    <ClCompile Include="bot.cpp">
      <Filter>Source Files</Filter>
    </ClCompile>
    <ClCompile Include="botspellsai.cpp">
      <Filter>Source Files</Filter>
    </ClCompile>
    <ClCompile Include="client.cpp">
      <Filter>Source Files</Filter>
    </ClCompile>
    <ClCompile Include="client_logs.cpp">
      <Filter>Source Files</Filter>
    </ClCompile>
    <ClCompile Include="client_mods.cpp">
      <Filter>Source Files</Filter>
    </ClCompile>
    <ClCompile Include="client_packet.cpp">
      <Filter>Source Files</Filter>
    </ClCompile>
    <ClCompile Include="client_process.cpp">
      <Filter>Source Files</Filter>
    </ClCompile>
    <ClCompile Include="command.cpp">
      <Filter>Source Files</Filter>
    </ClCompile>
    <ClCompile Include="doors.cpp">
      <Filter>Source Files</Filter>
    </ClCompile>
    <ClCompile Include="effects.cpp">
      <Filter>Source Files</Filter>
    </ClCompile>
    <ClCompile Include="embparser.cpp">
      <Filter>Source Files</Filter>
    </ClCompile>
    <ClCompile Include="embperl.cpp">
      <Filter>Source Files</Filter>
    </ClCompile>
    <ClCompile Include="embxs.cpp">
      <Filter>Source Files</Filter>
    </ClCompile>
    <ClCompile Include="entity.cpp">
      <Filter>Source Files</Filter>
    </ClCompile>
    <ClCompile Include="..\common\EQEMuError.cpp">
      <Filter>Source Files</Filter>
    </ClCompile>
    <ClCompile Include="exp.cpp">
      <Filter>Source Files</Filter>
    </ClCompile>
    <ClCompile Include="faction.cpp">
      <Filter>Source Files</Filter>
    </ClCompile>
    <ClCompile Include="fearpath.cpp">
      <Filter>Source Files</Filter>
    </ClCompile>
    <ClCompile Include="forage.cpp">
      <Filter>Source Files</Filter>
    </ClCompile>
    <ClCompile Include="groups.cpp">
      <Filter>Source Files</Filter>
    </ClCompile>
    <ClCompile Include="guild.cpp">
      <Filter>Source Files</Filter>
    </ClCompile>
    <ClCompile Include="guild_mgr.cpp">
      <Filter>Source Files</Filter>
    </ClCompile>
    <ClCompile Include="hate_list.cpp">
      <Filter>Source Files</Filter>
    </ClCompile>
    <ClCompile Include="horse.cpp">
      <Filter>Source Files</Filter>
    </ClCompile>
    <ClCompile Include="inventory.cpp">
      <Filter>Source Files</Filter>
    </ClCompile>
    <ClCompile Include="loottables.cpp">
      <Filter>Source Files</Filter>
    </ClCompile>
    <ClCompile Include="Map.cpp">
      <Filter>Source Files</Filter>
    </ClCompile>
    <ClCompile Include="mob.cpp">
      <Filter>Source Files</Filter>
    </ClCompile>
    <ClCompile Include="MobAI.cpp">
      <Filter>Source Files</Filter>
    </ClCompile>
    <ClCompile Include="net.cpp">
      <Filter>Source Files</Filter>
    </ClCompile>
    <ClCompile Include="npc.cpp">
      <Filter>Source Files</Filter>
    </ClCompile>
    <ClCompile Include="Object.cpp">
      <Filter>Source Files</Filter>
    </ClCompile>
    <ClCompile Include="parser.cpp">
      <Filter>Source Files</Filter>
    </ClCompile>
    <ClCompile Include="pathing.cpp">
      <Filter>Source Files</Filter>
    </ClCompile>
    <ClCompile Include="perl_client.cpp">
      <Filter>Source Files</Filter>
    </ClCompile>
    <ClCompile Include="perl_doors.cpp">
      <Filter>Source Files</Filter>
    </ClCompile>
    <ClCompile Include="perl_entity.cpp">
      <Filter>Source Files</Filter>
    </ClCompile>
    <ClCompile Include="perl_groups.cpp">
      <Filter>Source Files</Filter>
    </ClCompile>
    <ClCompile Include="perl_hateentry.cpp">
      <Filter>Source Files</Filter>
    </ClCompile>
    <ClCompile Include="perl_mob.cpp">
      <Filter>Source Files</Filter>
    </ClCompile>
    <ClCompile Include="perl_npc.cpp">
      <Filter>Source Files</Filter>
    </ClCompile>
    <ClCompile Include="perl_object.cpp">
      <Filter>Source Files</Filter>
    </ClCompile>
    <ClCompile Include="perl_perlpacket.cpp">
      <Filter>Source Files</Filter>
    </ClCompile>
    <ClCompile Include="perl_PlayerCorpse.cpp">
      <Filter>Source Files</Filter>
    </ClCompile>
    <ClCompile Include="perl_questitem.cpp">
      <Filter>Source Files</Filter>
    </ClCompile>
    <ClCompile Include="perl_raids.cpp">
      <Filter>Source Files</Filter>
    </ClCompile>
    <ClCompile Include="perlpacket.cpp">
      <Filter>Source Files</Filter>
    </ClCompile>
    <ClCompile Include="perlparser.cpp">
      <Filter>Source Files</Filter>
    </ClCompile>
    <ClCompile Include="petitions.cpp">
      <Filter>Source Files</Filter>
    </ClCompile>
    <ClCompile Include="pets.cpp">
      <Filter>Source Files</Filter>
    </ClCompile>
    <ClCompile Include="PlayerCorpse.cpp">
      <Filter>Source Files</Filter>
    </ClCompile>
    <ClCompile Include="..\common\ptimer.cpp">
      <Filter>Source Files</Filter>
    </ClCompile>
    <ClCompile Include="QGlobals.cpp">
      <Filter>Source Files</Filter>
    </ClCompile>
    <ClCompile Include="questmgr.cpp">
      <Filter>Source Files</Filter>
    </ClCompile>
    <ClCompile Include="QuestParserCollection.cpp">
      <Filter>Source Files</Filter>
    </ClCompile>
    <ClCompile Include="raids.cpp">
      <Filter>Source Files</Filter>
    </ClCompile>
    <ClCompile Include="spawn2.cpp">
      <Filter>Source Files</Filter>
    </ClCompile>
    <ClCompile Include="spawngroup.cpp">
      <Filter>Source Files</Filter>
    </ClCompile>
    <ClCompile Include="spdat.cpp">
      <Filter>Source Files</Filter>
    </ClCompile>
    <ClCompile Include="special_attacks.cpp">
      <Filter>Source Files</Filter>
    </ClCompile>
    <ClCompile Include="spell_effects.cpp">
      <Filter>Source Files</Filter>
    </ClCompile>
    <ClCompile Include="spells.cpp">
      <Filter>Source Files</Filter>
    </ClCompile>
    <ClCompile Include="tasks.cpp">
      <Filter>Source Files</Filter>
    </ClCompile>
    <ClCompile Include="titles.cpp">
      <Filter>Source Files</Filter>
    </ClCompile>
    <ClCompile Include="tradeskills.cpp">
      <Filter>Source Files</Filter>
    </ClCompile>
    <ClCompile Include="trading.cpp">
      <Filter>Source Files</Filter>
    </ClCompile>
    <ClCompile Include="trap.cpp">
      <Filter>Source Files</Filter>
    </ClCompile>
    <ClCompile Include="tribute.cpp">
      <Filter>Source Files</Filter>
    </ClCompile>
    <ClCompile Include="watermap.cpp">
      <Filter>Source Files</Filter>
    </ClCompile>
    <ClCompile Include="waypoints.cpp">
      <Filter>Source Files</Filter>
    </ClCompile>
    <ClCompile Include="worldserver.cpp">
      <Filter>Source Files</Filter>
    </ClCompile>
    <ClCompile Include="zone.cpp">
      <Filter>Source Files</Filter>
    </ClCompile>
    <ClCompile Include="zone_logsys.cpp">
      <Filter>Source Files</Filter>
    </ClCompile>
    <ClCompile Include="ZoneConfig.cpp">
      <Filter>Source Files</Filter>
    </ClCompile>
    <ClCompile Include="zonedb.cpp">
      <Filter>Source Files</Filter>
    </ClCompile>
    <ClCompile Include="zonedbasync.cpp">
      <Filter>Source Files</Filter>
    </ClCompile>
    <ClCompile Include="zoning.cpp">
      <Filter>Source Files</Filter>
    </ClCompile>
    <ClCompile Include="..\common\patches\Anniversary.cpp">
      <Filter>Patches</Filter>
    </ClCompile>
    <ClCompile Include="..\common\patches\Client62.cpp">
      <Filter>Patches</Filter>
    </ClCompile>
    <ClCompile Include="..\common\patches\HoT.cpp">
      <Filter>Patches</Filter>
    </ClCompile>
    <ClCompile Include="..\common\patches\patches.cpp">
      <Filter>Patches</Filter>
    </ClCompile>
    <ClCompile Include="..\common\patches\SoD.cpp">
      <Filter>Patches</Filter>
    </ClCompile>
    <ClCompile Include="..\common\patches\SoF.cpp">
      <Filter>Patches</Filter>
    </ClCompile>
    <ClCompile Include="..\common\patches\Titanium.cpp">
      <Filter>Patches</Filter>
    </ClCompile>
    <ClCompile Include="..\common\patches\Underfoot.cpp">
      <Filter>Patches</Filter>
    </ClCompile>
    <ClCompile Include="..\common\patches\VoA.cpp">
      <Filter>Patches</Filter>
    </ClCompile>
    <ClCompile Include="..\common\BasePacket.cpp">
      <Filter>Common Source Files</Filter>
    </ClCompile>
    <ClCompile Include="..\common\classes.cpp">
      <Filter>Common Source Files</Filter>
    </ClCompile>
    <ClCompile Include="..\common\Condition.cpp">
      <Filter>Common Source Files</Filter>
    </ClCompile>
    <ClCompile Include="..\common\CRC16.cpp">
      <Filter>Common Source Files</Filter>
    </ClCompile>
    <ClCompile Include="..\common\crc32.cpp">
      <Filter>Common Source Files</Filter>
    </ClCompile>
    <ClCompile Include="..\common\database.cpp">
      <Filter>Common Source Files</Filter>
    </ClCompile>
    <ClCompile Include="..\common\dbasync.cpp">
      <Filter>Common Source Files</Filter>
    </ClCompile>
    <ClCompile Include="..\common\dbcore.cpp">
      <Filter>Common Source Files</Filter>
    </ClCompile>
    <ClCompile Include="..\common\DBMemLeak.cpp">
      <Filter>Common Source Files</Filter>
    </ClCompile>
    <ClCompile Include="..\common\debug.cpp">
      <Filter>Common Source Files</Filter>
    </ClCompile>
    <ClCompile Include="..\common\emu_opcodes.cpp">
      <Filter>Common Source Files</Filter>
    </ClCompile>
    <ClCompile Include="..\common\EMuShareMem.cpp">
      <Filter>Common Source Files</Filter>
    </ClCompile>
    <ClCompile Include="..\common\EmuTCPConnection.cpp">
      <Filter>Common Source Files</Filter>
    </ClCompile>
    <ClCompile Include="..\common\EmuTCPServer.cpp">
      <Filter>Common Source Files</Filter>
    </ClCompile>
    <ClCompile Include="..\common\EQEmuConfig.cpp">
      <Filter>Common Source Files</Filter>
    </ClCompile>
    <ClCompile Include="..\common\EQPacket.cpp">
      <Filter>Common Source Files</Filter>
    </ClCompile>
    <ClCompile Include="..\common\EQStream.cpp">
      <Filter>Common Source Files</Filter>
    </ClCompile>
    <ClCompile Include="..\common\EQStreamFactory.cpp">
      <Filter>Common Source Files</Filter>
    </ClCompile>
    <ClCompile Include="..\common\EQStreamIdent.cpp">
      <Filter>Common Source Files</Filter>
    </ClCompile>
    <ClCompile Include="..\common\EQStreamProxy.cpp">
      <Filter>Common Source Files</Filter>
    </ClCompile>
    <ClCompile Include="..\common\eqtime.cpp">
      <Filter>Common Source Files</Filter>
    </ClCompile>
    <ClCompile Include="..\common\extprofile.cpp">
      <Filter>Common Source Files</Filter>
    </ClCompile>
    <ClCompile Include="..\common\guild_base.cpp">
      <Filter>Common Source Files</Filter>
    </ClCompile>
    <ClCompile Include="..\common\guilds.cpp">
      <Filter>Common Source Files</Filter>
    </ClCompile>
    <ClCompile Include="..\common\Item.cpp">
      <Filter>Common Source Files</Filter>
    </ClCompile>
    <ClCompile Include="..\common\logsys.cpp">
      <Filter>Common Source Files</Filter>
    </ClCompile>
    <ClCompile Include="..\common\logsys_eqemu.cpp">
      <Filter>Common Source Files</Filter>
    </ClCompile>
    <ClCompile Include="..\common\md5.cpp">
      <Filter>Common Source Files</Filter>
    </ClCompile>
    <ClCompile Include="..\common\misc.cpp">
      <Filter>Common Source Files</Filter>
    </ClCompile>
    <ClCompile Include="..\common\MiscFunctions.cpp">
      <Filter>Common Source Files</Filter>
    </ClCompile>
    <ClCompile Include="..\common\moremath.cpp">
      <Filter>Common Source Files</Filter>
    </ClCompile>
    <ClCompile Include="..\common\Mutex.cpp">
      <Filter>Common Source Files</Filter>
    </ClCompile>
    <ClCompile Include="..\common\opcodemgr.cpp">
      <Filter>Common Source Files</Filter>
    </ClCompile>
    <ClCompile Include="..\common\packet_dump.cpp">
      <Filter>Common Source Files</Filter>
    </ClCompile>
    <ClCompile Include="..\common\packet_dump_file.cpp">
      <Filter>Common Source Files</Filter>
    </ClCompile>
    <ClCompile Include="..\common\packet_functions.cpp">
      <Filter>Common Source Files</Filter>
    </ClCompile>
    <ClCompile Include="..\common\races.cpp">
      <Filter>Common Source Files</Filter>
    </ClCompile>
    <ClCompile Include="..\common\rdtsc.cpp">
      <Filter>Common Source Files</Filter>
    </ClCompile>
    <ClCompile Include="..\common\rulesys.cpp">
      <Filter>Common Source Files</Filter>
    </ClCompile>
    <ClCompile Include="..\common\serverinfo.cpp">
      <Filter>Common Source Files</Filter>
    </ClCompile>
    <ClCompile Include="..\common\shareddb.cpp">
      <Filter>Common Source Files</Filter>
    </ClCompile>
    <ClCompile Include="..\common\SharedLibrary.cpp">
      <Filter>Common Source Files</Filter>
    </ClCompile>
    <ClCompile Include="..\common\StructStrategy.cpp">
      <Filter>Common Source Files</Filter>
    </ClCompile>
    <ClCompile Include="..\common\TCPConnection.cpp">
      <Filter>Common Source Files</Filter>
    </ClCompile>
    <ClCompile Include="..\common\TCPServer.cpp">
      <Filter>Common Source Files</Filter>
    </ClCompile>
    <ClCompile Include="..\common\timeoutmgr.cpp">
      <Filter>Common Source Files</Filter>
    </ClCompile>
    <ClCompile Include="..\common\timer.cpp">
      <Filter>Common Source Files</Filter>
    </ClCompile>
    <ClCompile Include="..\common\tinyxml\tinystr.cpp">
      <Filter>Common Source Files</Filter>
    </ClCompile>
    <ClCompile Include="..\common\tinyxml\tinyxml.cpp">
      <Filter>Common Source Files</Filter>
    </ClCompile>
    <ClCompile Include="..\common\tinyxml\tinyxmlerror.cpp">
      <Filter>Common Source Files</Filter>
    </ClCompile>
    <ClCompile Include="..\common\tinyxml\tinyxmlparser.cpp">
      <Filter>Common Source Files</Filter>
    </ClCompile>
    <ClCompile Include="..\common\unix.cpp">
      <Filter>Common Source Files</Filter>
    </ClCompile>
    <ClCompile Include="..\common\worldconn.cpp">
      <Filter>Common Source Files</Filter>
    </ClCompile>
    <ClCompile Include="..\common\XMLParser.cpp">
      <Filter>Common Source Files</Filter>
    </ClCompile>
    <ClCompile Include="..\common\patches\RoF.cpp">
      <Filter>Patches</Filter>
    </ClCompile>
    <ClCompile Include="merc.cpp">
      <Filter>Source Files</Filter>
    </ClCompile>
  </ItemGroup>
  <ItemGroup>
    <ClInclude Include="beacon.h">
      <Filter>Header Files</Filter>
    </ClInclude>
    <ClInclude Include="bot.h">
      <Filter>Header Files</Filter>
    </ClInclude>
    <ClInclude Include="botStructs.h">
      <Filter>Header Files</Filter>
    </ClInclude>
    <ClInclude Include="client.h">
      <Filter>Header Files</Filter>
    </ClInclude>
    <ClInclude Include="client_packet.h">
      <Filter>Header Files</Filter>
    </ClInclude>
    <ClInclude Include="command.h">
      <Filter>Header Files</Filter>
    </ClInclude>
    <ClInclude Include="doors.h">
      <Filter>Header Files</Filter>
    </ClInclude>
    <ClInclude Include="entity.h">
      <Filter>Header Files</Filter>
    </ClInclude>
    <ClInclude Include="..\common\EQEMuError.h">
      <Filter>Header Files</Filter>
    </ClInclude>
    <ClInclude Include="event_codes.h">
      <Filter>Header Files</Filter>
    </ClInclude>
    <ClInclude Include="faction.h">
      <Filter>Header Files</Filter>
    </ClInclude>
    <ClInclude Include="features.h">
      <Filter>Header Files</Filter>
    </ClInclude>
    <ClInclude Include="..\common\files.h">
      <Filter>Header Files</Filter>
    </ClInclude>
    <ClInclude Include="Forage.h">
      <Filter>Header Files</Filter>
    </ClInclude>
    <ClInclude Include="groups.h">
      <Filter>Header Files</Filter>
    </ClInclude>
    <ClInclude Include="guild_mgr.h">
      <Filter>Header Files</Filter>
    </ClInclude>
    <ClInclude Include="hate_list.h">
      <Filter>Header Files</Filter>
    </ClInclude>
    <ClInclude Include="loottable.h">
      <Filter>Header Files</Filter>
    </ClInclude>
    <ClInclude Include="map.h">
      <Filter>Header Files</Filter>
    </ClInclude>
    <ClInclude Include="masterentity.h">
      <Filter>Header Files</Filter>
    </ClInclude>
    <ClInclude Include="mob.h">
      <Filter>Header Files</Filter>
    </ClInclude>
    <ClInclude Include="net.h">
      <Filter>Header Files</Filter>
    </ClInclude>
    <ClInclude Include="npc.h">
      <Filter>Header Files</Filter>
    </ClInclude>
    <ClInclude Include="NpcAI.h">
      <Filter>Header Files</Filter>
    </ClInclude>
    <ClInclude Include="object.h">
      <Filter>Header Files</Filter>
    </ClInclude>
    <ClInclude Include="parser.h">
      <Filter>Header Files</Filter>
    </ClInclude>
    <ClInclude Include="petitions.h">
      <Filter>Header Files</Filter>
    </ClInclude>
    <ClInclude Include="pets.h">
      <Filter>Header Files</Filter>
    </ClInclude>
    <ClInclude Include="PlayerCorpse.h">
      <Filter>Header Files</Filter>
    </ClInclude>
    <ClInclude Include="QGlobals.h">
      <Filter>Header Files</Filter>
    </ClInclude>
    <ClInclude Include="questmgr.h">
      <Filter>Header Files</Filter>
    </ClInclude>
    <ClInclude Include="raids.h">
      <Filter>Header Files</Filter>
    </ClInclude>
    <ClInclude Include="skills.h">
      <Filter>Header Files</Filter>
    </ClInclude>
    <ClInclude Include="spawn2.h">
      <Filter>Header Files</Filter>
    </ClInclude>
    <ClInclude Include="spawngroup.h">
      <Filter>Header Files</Filter>
    </ClInclude>
    <ClInclude Include="spdat.h">
      <Filter>Header Files</Filter>
    </ClInclude>
    <ClInclude Include="StringIDs.h">
      <Filter>Header Files</Filter>
    </ClInclude>
    <ClInclude Include="titles.h">
      <Filter>Header Files</Filter>
    </ClInclude>
    <ClInclude Include="trap.h">
      <Filter>Header Files</Filter>
    </ClInclude>
    <ClInclude Include="watermap.h">
      <Filter>Header Files</Filter>
    </ClInclude>
    <ClInclude Include="worldserver.h">
      <Filter>Header Files</Filter>
    </ClInclude>
    <ClInclude Include="zone.h">
      <Filter>Header Files</Filter>
    </ClInclude>
    <ClInclude Include="zonedb.h">
      <Filter>Header Files</Filter>
    </ClInclude>
    <ClInclude Include="zonedbasync.h">
      <Filter>Header Files</Filter>
    </ClInclude>
    <ClInclude Include="zonedump.h">
      <Filter>Header Files</Filter>
    </ClInclude>
    <ClInclude Include="..\common\classes.h">
      <Filter>Common Header Files</Filter>
    </ClInclude>
    <ClInclude Include="..\common\CRC16.h">
      <Filter>Common Header Files</Filter>
    </ClInclude>
    <ClInclude Include="..\common\crc32.h">
      <Filter>Common Header Files</Filter>
    </ClInclude>
    <ClInclude Include="..\common\database.h">
      <Filter>Common Header Files</Filter>
    </ClInclude>
    <ClInclude Include="..\common\dbasync.h">
      <Filter>Common Header Files</Filter>
    </ClInclude>
    <ClInclude Include="..\common\dbcore.h">
      <Filter>Common Header Files</Filter>
    </ClInclude>
    <ClInclude Include="..\common\DBMemLeak.h">
      <Filter>Common Header Files</Filter>
    </ClInclude>
    <ClInclude Include="..\common\debug.h">
      <Filter>Common Header Files</Filter>
    </ClInclude>
    <ClInclude Include="..\common\deity.h">
      <Filter>Common Header Files</Filter>
    </ClInclude>
    <ClInclude Include="..\common\emu_opcodes.h">
      <Filter>Common Header Files</Filter>
    </ClInclude>
    <ClInclude Include="..\common\emu_oplist.h">
      <Filter>Common Header Files</Filter>
    </ClInclude>
    <ClInclude Include="..\common\EMuShareMem.h">
      <Filter>Common Header Files</Filter>
    </ClInclude>
    <ClInclude Include="..\common\eq_packet_structs.h">
      <Filter>Common Header Files</Filter>
    </ClInclude>
    <ClInclude Include="..\common\EQCheckTable.h">
      <Filter>Common Header Files</Filter>
    </ClInclude>
    <ClInclude Include="..\common\EQPacket.h">
      <Filter>Common Header Files</Filter>
    </ClInclude>
    <ClInclude Include="..\common\EQStream.h">
      <Filter>Common Header Files</Filter>
    </ClInclude>
    <ClInclude Include="..\common\EQStreamFactory.h">
      <Filter>Common Header Files</Filter>
    </ClInclude>
    <ClInclude Include="..\common\eqtime.h">
      <Filter>Common Header Files</Filter>
    </ClInclude>
    <ClInclude Include="..\common\Item.h">
      <Filter>Common Header Files</Filter>
    </ClInclude>
    <ClInclude Include="..\common\Kaiyodo-LList.h">
      <Filter>Common Header Files</Filter>
    </ClInclude>
    <ClInclude Include="..\common\linked_list.h">
      <Filter>Common Header Files</Filter>
    </ClInclude>
    <ClInclude Include="..\common\md5.h">
      <Filter>Common Header Files</Filter>
    </ClInclude>
    <ClInclude Include="..\common\misc.h">
      <Filter>Common Header Files</Filter>
    </ClInclude>
    <ClInclude Include="..\common\MiscFunctions.h">
      <Filter>Common Header Files</Filter>
    </ClInclude>
    <ClInclude Include="..\common\moremath.h">
      <Filter>Common Header Files</Filter>
    </ClInclude>
    <ClInclude Include="..\common\Mutex.h">
      <Filter>Common Header Files</Filter>
    </ClInclude>
    <ClInclude Include="..\common\opcodemgr.h">
      <Filter>Common Header Files</Filter>
    </ClInclude>
    <ClInclude Include="..\common\packet_dump.h">
      <Filter>Common Header Files</Filter>
    </ClInclude>
    <ClInclude Include="..\common\packet_dump_file.h">
      <Filter>Common Header Files</Filter>
    </ClInclude>
    <ClInclude Include="..\common\packet_functions.h">
      <Filter>Common Header Files</Filter>
    </ClInclude>
    <ClInclude Include="..\common\queue.h">
      <Filter>Common Header Files</Filter>
    </ClInclude>
    <ClInclude Include="..\common\races.h">
      <Filter>Common Header Files</Filter>
    </ClInclude>
    <ClInclude Include="..\common\rdtsc.h">
      <Filter>Common Header Files</Filter>
    </ClInclude>
    <ClInclude Include="..\common\rulesys.h">
      <Filter>Common Header Files</Filter>
    </ClInclude>
    <ClInclude Include="..\common\ruletypes.h">
      <Filter>Common Header Files</Filter>
    </ClInclude>
    <ClInclude Include="..\common\Seperator.h">
      <Filter>Common Header Files</Filter>
    </ClInclude>
    <ClInclude Include="..\common\serverinfo.h">
      <Filter>Common Header Files</Filter>
    </ClInclude>
    <ClInclude Include="..\common\servertalk.h">
      <Filter>Common Header Files</Filter>
    </ClInclude>
    <ClInclude Include="..\common\SharedLibrary.h">
      <Filter>Common Header Files</Filter>
    </ClInclude>
    <ClInclude Include="..\common\TCPConnection.h">
      <Filter>Common Header Files</Filter>
    </ClInclude>
    <ClInclude Include="..\common\timer.h">
      <Filter>Common Header Files</Filter>
    </ClInclude>
    <ClInclude Include="..\common\types.h">
      <Filter>Common Header Files</Filter>
    </ClInclude>
    <ClInclude Include="..\common\unix.h">
      <Filter>Common Header Files</Filter>
    </ClInclude>
    <ClInclude Include="..\common\version.h">
      <Filter>Common Header Files</Filter>
    </ClInclude>
    <ClInclude Include="merc.h">
      <Filter>Header Files</Filter>
    </ClInclude>
  </ItemGroup>
  <ItemGroup>
    <None Include="..\readme.txt">
      <Filter>Text Files</Filter>
    </None>
  </ItemGroup>
</Project>